version = 1
requires-python = ">=3.13"

[[package]]
name = "dict-grpc"
version = "0.1.0"
source = { virtual = "." }
dependencies = [
    { name = "grpcio" },
    { name = "grpcio-tools" },
]

[package.metadata]
requires-dist = [
    { name = "grpcio", specifier = ">=1.69.0" },
    { name = "grpcio-tools", specifier = ">=1.69.0" },
]

[[package]]
name = "grpcio"
version = "1.69.0"
source = { registry = "https://pypi.org/simple" }
sdist = { url = "https://files.pythonhosted.org/packages/e4/87/06a145284cbe86c91ca517fe6b57be5efbb733c0d6374b407f0992054d18/grpcio-1.69.0.tar.gz", hash = "sha256:936fa44241b5379c5afc344e1260d467bee495747eaf478de825bab2791da6f5", size = 12738244 }
wheels = [
    { url = "https://files.pythonhosted.org/packages/54/47/3ff4501365f56b7cc16617695dbd4fd838c5e362bc7fa9fee09d592f7d78/grpcio-1.69.0-cp313-cp313-linux_armv7l.whl", hash = "sha256:a78a06911d4081a24a1761d16215a08e9b6d4d29cdbb7e427e6c7e17b06bcc5d", size = 5162928 },
    { url = "https://files.pythonhosted.org/packages/c0/63/437174c5fa951052c9ecc5f373f62af6f3baf25f3f5ef35cbf561806b371/grpcio-1.69.0-cp313-cp313-macosx_10_14_universal2.whl", hash = "sha256:dc5a351927d605b2721cbb46158e431dd49ce66ffbacb03e709dc07a491dde35", size = 11103027 },
    { url = "https://files.pythonhosted.org/packages/53/df/53566a6fdc26b6d1f0585896e1cc4825961039bca5a6a314ff29d79b5d5b/grpcio-1.69.0-cp313-cp313-manylinux_2_17_aarch64.whl", hash = "sha256:3629d8a8185f5139869a6a17865d03113a260e311e78fbe313f1a71603617589", size = 5659277 },
    { url = "https://files.pythonhosted.org/packages/e6/4c/b8a0c4f71498b6f9be5ca6d290d576cf2af9d95fd9827c47364f023969ad/grpcio-1.69.0-cp313-cp313-manylinux_2_17_i686.manylinux2014_i686.whl", hash = "sha256:c9a281878feeb9ae26db0622a19add03922a028d4db684658f16d546601a4870", size = 6305255 },
    { url = "https://files.pythonhosted.org/packages/ef/55/d9aa05eb3dfcf6aa946aaf986740ec07fc5189f20e2cbeb8c5d278ffd00f/grpcio-1.69.0-cp313-cp313-manylinux_2_17_x86_64.manylinux2014_x86_64.whl", hash = "sha256:8cc614e895177ab7e4b70f154d1a7c97e152577ea101d76026d132b7aaba003b", size = 5920240 },
    { url = "https://files.pythonhosted.org/packages/ea/eb/774b27c51e3e386dfe6c491a710f6f87ffdb20d88ec6c3581e047d9354a2/grpcio-1.69.0-cp313-cp313-musllinux_1_1_i686.whl", hash = "sha256:1ee76cd7e2e49cf9264f6812d8c9ac1b85dda0eaea063af07292400f9191750e", size = 6652974 },
    { url = "https://files.pythonhosted.org/packages/59/98/96de14e6e7d89123813d58c246d9b0f1fbd24f9277f5295264e60861d9d6/grpcio-1.69.0-cp313-cp313-musllinux_1_1_x86_64.whl", hash = "sha256:0470fa911c503af59ec8bc4c82b371ee4303ececbbdc055f55ce48e38b20fd67", size = 6215757 },
    { url = "https://files.pythonhosted.org/packages/7d/5b/ce922e0785910b10756fabc51fd294260384a44bea41651dadc4e47ddc82/grpcio-1.69.0-cp313-cp313-win32.whl", hash = "sha256:b650f34aceac8b2d08a4c8d7dc3e8a593f4d9e26d86751ebf74ebf5107d927de", size = 3642488 },
    { url = "https://files.pythonhosted.org/packages/5d/04/11329e6ca1ceeb276df2d9c316b5e170835a687a4d0f778dba8294657e36/grpcio-1.69.0-cp313-cp313-win_amd64.whl", hash = "sha256:028337786f11fecb5d7b7fa660475a06aabf7e5e52b5ac2df47414878c0ce7ea", size = 4399968 },
]

[[package]]
name = "grpcio-tools"
version = "1.69.0"
source = { registry = "https://pypi.org/simple" }
dependencies = [
    { name = "grpcio" },
    { name = "protobuf" },
    { name = "setuptools" },
]
sdist = { url = "https://files.pythonhosted.org/packages/64/ec/1c25136ca1697eaa09a02effe3e74959fd9fb6aba9960d7340dd6341c5ce/grpcio_tools-1.69.0.tar.gz", hash = "sha256:3e1a98f4d9decb84979e1ddd3deb09c0a33a84b6e3c0776d5bde4097e3ab66dd", size = 5323319 }
wheels = [
    { url = "https://files.pythonhosted.org/packages/0c/ef/a9867f612e3aa5e69d299e47a72ea8dafa476b1f099462c9a1223cd6a83c/grpcio_tools-1.69.0-cp313-cp313-linux_armv7l.whl", hash = "sha256:8c320c4faa1431f2e1252ef2325a970ac23b2fd04ffef6c12f96dd4552c3445c", size = 2388281 },
    { url = "https://files.pythonhosted.org/packages/4b/53/b2752d8ec338778e48d76845d605a0f8bca9e43a5f09428e5ed1a76e4e1d/grpcio_tools-1.69.0-cp313-cp313-macosx_10_14_universal2.whl", hash = "sha256:5f1224596ad74dd14444b20c37122b361c5d203b67e14e018b995f3c5d76eede", size = 5725856 },
    { url = "https://files.pythonhosted.org/packages/83/dd/195d3639634c0c1d1e48b6693c074d66a64f16c748df2f40bcee74aa04e2/grpcio_tools-1.69.0-cp313-cp313-manylinux_2_17_aarch64.whl", hash = "sha256:965a0cf656a113bc32d15ac92ca51ed702a75d5370ae0afbdd36f818533a708a", size = 2350180 },
    { url = "https://files.pythonhosted.org/packages/8c/18/c412884fa0e888d8a271f3e31d23e3765cde0efe2404653ab67971c411c2/grpcio_tools-1.69.0-cp313-cp313-manylinux_2_17_i686.manylinux2014_i686.whl", hash = "sha256:978835768c11a7f28778b3b7c40f839d8a57f765c315e80c4246c23900d56149", size = 2726724 },
    { url = "https://files.pythonhosted.org/packages/be/c7/dfb59b7e25d760bfdd93f0aef7dd0e2a37f8437ac3017b8b526c68764e2f/grpcio_tools-1.69.0-cp313-cp313-manylinux_2_17_x86_64.manylinux2014_x86_64.whl", hash = "sha256:094c7cec9bd271a32dfb7c620d4a558c63fcb0122fd1651b9ed73d6afd4ae6fe", size = 2472127 },
    { url = "https://files.pythonhosted.org/packages/f2/b6/af4edf0a181fd7b148a83d491f5677d7d1c9f86f03282f8f0209d9dfb793/grpcio_tools-1.69.0-cp313-cp313-musllinux_1_1_i686.whl", hash = "sha256:b51bf4981b3d7e47c2569efadff08284787124eb3dea0f63f491d39703231d3c", size = 3344015 },
    { url = "https://files.pythonhosted.org/packages/0a/9f/4c2b5ae642f7d3df73c16df6c7d53e9443cb0e49e1dcf2c8d1a49058e0b5/grpcio_tools-1.69.0-cp313-cp313-musllinux_1_1_x86_64.whl", hash = "sha256:ea7aaf0dc1a828e2133357a9e9553fd1bb4e766890d52a506cc132e40632acdc", size = 2952942 },
    { url = "https://files.pythonhosted.org/packages/97/8e/6b707871db5927a17ad7475c070916bff4f32463a51552b424779236ab65/grpcio_tools-1.69.0-cp313-cp313-win32.whl", hash = "sha256:4320f11b79d3a148cc23bad1b81719ce1197808dc2406caa8a8ba0a5cfb0260d", size = 956242 },
    { url = "https://files.pythonhosted.org/packages/27/e2/b419a02b50240143605f77cd50cb07f724caf0fd35a01540a4f044ae9f21/grpcio_tools-1.69.0-cp313-cp313-win_amd64.whl", hash = "sha256:e9bae733654e0eb8ca83aa1d0d6b6c2f4a3525ce70d5ffc07df68d28f6520137", size = 1113616 },
]

[[package]]
name = "protobuf"
version = "5.29.3"
source = { registry = "https://pypi.org/simple" }
sdist = { url = "https://files.pythonhosted.org/packages/f7/d1/e0a911544ca9993e0f17ce6d3cc0932752356c1b0a834397f28e63479344/protobuf-5.29.3.tar.gz", hash = "sha256:5da0f41edaf117bde316404bad1a486cb4ededf8e4a54891296f648e8e076620", size = 424945 }
wheels = [
    { url = "https://files.pythonhosted.org/packages/dc/7a/1e38f3cafa022f477ca0f57a1f49962f21ad25850c3ca0acd3b9d0091518/protobuf-5.29.3-cp310-abi3-win32.whl", hash = "sha256:3ea51771449e1035f26069c4c7fd51fba990d07bc55ba80701c78f886bf9c888", size = 422708 },
    { url = "https://files.pythonhosted.org/packages/61/fa/aae8e10512b83de633f2646506a6d835b151edf4b30d18d73afd01447253/protobuf-5.29.3-cp310-abi3-win_amd64.whl", hash = "sha256:a4fa6f80816a9a0678429e84973f2f98cbc218cca434abe8db2ad0bffc98503a", size = 434508 },
    { url = "https://files.pythonhosted.org/packages/dd/04/3eaedc2ba17a088961d0e3bd396eac764450f431621b58a04ce898acd126/protobuf-5.29.3-cp38-abi3-macosx_10_9_universal2.whl", hash = "sha256:a8434404bbf139aa9e1300dbf989667a83d42ddda9153d8ab76e0d5dcaca484e", size = 417825 },
    { url = "https://files.pythonhosted.org/packages/4f/06/7c467744d23c3979ce250397e26d8ad8eeb2bea7b18ca12ad58313c1b8d5/protobuf-5.29.3-cp38-abi3-manylinux2014_aarch64.whl", hash = "sha256:daaf63f70f25e8689c072cfad4334ca0ac1d1e05a92fc15c54eb9cf23c3efd84", size = 319573 },
    { url = "https://files.pythonhosted.org/packages/a8/45/2ebbde52ad2be18d3675b6bee50e68cd73c9e0654de77d595540b5129df8/protobuf-5.29.3-cp38-abi3-manylinux2014_x86_64.whl", hash = "sha256:c027e08a08be10b67c06bf2370b99c811c466398c357e615ca88c91c07f0910f", size = 319672 },
    { url = "https://files.pythonhosted.org/packages/fd/b2/ab07b09e0f6d143dfb839693aa05765257bceaa13d03bf1a696b78323e7a/protobuf-5.29.3-py3-none-any.whl", hash = "sha256:0a18ed4a24198528f2333802eb075e59dea9d679ab7a6c5efb017a59004d849f", size = 172550 },
]

[[package]]
name = "setuptools"
version = "75.8.0"
source = { registry = "https://pypi.org/simple" }
sdist = { url = "https://files.pythonhosted.org/packages/92/ec/089608b791d210aec4e7f97488e67ab0d33add3efccb83a056cbafe3a2a6/setuptools-75.8.0.tar.gz", hash = "sha256:c5afc8f407c626b8313a86e10311dd3f661c6cd9c09d4bf8c15c0e11f9f2b0e6", size = 1343222 }
wheels = [
    { url = "https://files.pythonhosted.org/packages/69/8a/b9dc7678803429e4a3bc9ba462fa3dd9066824d3c607490235c6a796be5a/setuptools-75.8.0-py3-none-any.whl", hash = "sha256:e3982f444617239225d675215d51f6ba05f845d4eec313da4418fdbb56fb27e3", size = 1228782 },
]
